// !$*UTF8*$!
{
	archiveVersion = 1;
	classes = {
	};
	objectVersion = 56;
	objects = {

/* Begin PBXBuildFile section */
		E75C5E37295AC32300E5C3CE /* AppDelegate.swift in Sources */ = {isa = PBXBuildFile; fileRef = E75C5E36295AC32300E5C3CE /* AppDelegate.swift */; };
		E75C5E39295AC32300E5C3CE /* SceneDelegate.swift in Sources */ = {isa = PBXBuildFile; fileRef = E75C5E38295AC32300E5C3CE /* SceneDelegate.swift */; };
		E75C5E3E295AC32300E5C3CE /* Main.storyboard in Resources */ = {isa = PBXBuildFile; fileRef = E75C5E3C295AC32300E5C3CE /* Main.storyboard */; };
		E75C5E40295AC32400E5C3CE /* Assets.xcassets in Resources */ = {isa = PBXBuildFile; fileRef = E75C5E3F295AC32400E5C3CE /* Assets.xcassets */; };
		E75C5E43295AC32400E5C3CE /* LaunchScreen.storyboard in Resources */ = {isa = PBXBuildFile; fileRef = E75C5E41295AC32400E5C3CE /* LaunchScreen.storyboard */; };
		E75C5E4E295AC32400E5C3CE /* ColoursRandomTests.swift in Sources */ = {isa = PBXBuildFile; fileRef = E75C5E4D295AC32400E5C3CE /* ColoursRandomTests.swift */; };
		E75C5E58295AC32400E5C3CE /* ColoursRandomUITests.swift in Sources */ = {isa = PBXBuildFile; fileRef = E75C5E57295AC32400E5C3CE /* ColoursRandomUITests.swift */; };
		E75C5E5A295AC32400E5C3CE /* ColoursRandomUITestsLaunchTests.swift in Sources */ = {isa = PBXBuildFile; fileRef = E75C5E59295AC32400E5C3CE /* ColoursRandomUITestsLaunchTests.swift */; };
		E75C5E67295AC38300E5C3CE /* ColoursTableVC.swift in Sources */ = {isa = PBXBuildFile; fileRef = E75C5E66295AC38300E5C3CE /* ColoursTableVC.swift */; };
		E7EF696F295AD3C800AA201E /* ColoursDetailVC.swift in Sources */ = {isa = PBXBuildFile; fileRef = E7EF696E295AD3C800AA201E /* ColoursDetailVC.swift */; };
/* End PBXBuildFile section */

/* Begin PBXContainerItemProxy section */
		E75C5E4A295AC32400E5C3CE /* PBXContainerItemProxy */ = {
			isa = PBXContainerItemProxy;
			containerPortal = E75C5E2B295AC32300E5C3CE /* Project object */;
			proxyType = 1;
			remoteGlobalIDString = E75C5E32295AC32300E5C3CE;
			remoteInfo = ColoursRandom;
		};
		E75C5E54295AC32400E5C3CE /* PBXContainerItemProxy */ = {
			isa = PBXContainerItemProxy;
			containerPortal = E75C5E2B295AC32300E5C3CE /* Project object */;
			proxyType = 1;
			remoteGlobalIDString = E75C5E32295AC32300E5C3CE;
			remoteInfo = ColoursRandom;
		};
/* End PBXContainerItemProxy section */

/* Begin PBXFileReference section */
		E75C5E33295AC32300E5C3CE /* ColoursRandom.app */ = {isa = PBXFileReference; explicitFileType = wrapper.application; includeInIndex = 0; path = ColoursRandom.app; sourceTree = BUILT_PRODUCTS_DIR; };
		E75C5E36295AC32300E5C3CE /* AppDelegate.swift */ = {isa = PBXFileReference; lastKnownFileType = sourcecode.swift; path = AppDelegate.swift; sourceTree = "<group>"; };
		E75C5E38295AC32300E5C3CE /* SceneDelegate.swift */ = {isa = PBXFileReference; lastKnownFileType = sourcecode.swift; path = SceneDelegate.swift; sourceTree = "<group>"; };
		E75C5E3D295AC32300E5C3CE /* Base */ = {isa = PBXFileReference; lastKnownFileType = file.storyboard; name = Base; path = Base.lproj/Main.storyboard; sourceTree = "<group>"; };
		E75C5E3F295AC32400E5C3CE /* Assets.xcassets */ = {isa = PBXFileReference; lastKnownFileType = folder.assetcatalog; path = Assets.xcassets; sourceTree = "<group>"; };
		E75C5E42295AC32400E5C3CE /* Base */ = {isa = PBXFileReference; lastKnownFileType = file.storyboard; name = Base; path = Base.lproj/LaunchScreen.storyboard; sourceTree = "<group>"; };
		E75C5E44295AC32400E5C3CE /* Info.plist */ = {isa = PBXFileReference; lastKnownFileType = text.plist.xml; path = Info.plist; sourceTree = "<group>"; };
		E75C5E49295AC32400E5C3CE /* ColoursRandomTests.xctest */ = {isa = PBXFileReference; explicitFileType = wrapper.cfbundle; includeInIndex = 0; path = ColoursRandomTests.xctest; sourceTree = BUILT_PRODUCTS_DIR; };
		E75C5E4D295AC32400E5C3CE /* ColoursRandomTests.swift */ = {isa = PBXFileReference; lastKnownFileType = sourcecode.swift; path = ColoursRandomTests.swift; sourceTree = "<group>"; };
		E75C5E53295AC32400E5C3CE /* ColoursRandomUITests.xctest */ = {isa = PBXFileReference; explicitFileType = wrapper.cfbundle; includeInIndex = 0; path = ColoursRandomUITests.xctest; sourceTree = BUILT_PRODUCTS_DIR; };
		E75C5E57295AC32400E5C3CE /* ColoursRandomUITests.swift */ = {isa = PBXFileReference; lastKnownFileType = sourcecode.swift; path = ColoursRandomUITests.swift; sourceTree = "<group>"; };
		E75C5E59295AC32400E5C3CE /* ColoursRandomUITestsLaunchTests.swift */ = {isa = PBXFileReference; lastKnownFileType = sourcecode.swift; path = ColoursRandomUITestsLaunchTests.swift; sourceTree = "<group>"; };
		E75C5E66295AC38300E5C3CE /* ColoursTableVC.swift */ = {isa = PBXFileReference; lastKnownFileType = sourcecode.swift; path = ColoursTableVC.swift; sourceTree = "<group>"; };
		E7EF696E295AD3C800AA201E /* ColoursDetailVC.swift */ = {isa = PBXFileReference; lastKnownFileType = sourcecode.swift; path = ColoursDetailVC.swift; sourceTree = "<group>"; };
/* End PBXFileReference section */

/* Begin PBXFrameworksBuildPhase section */
		E75C5E30295AC32300E5C3CE /* Frameworks */ = {
			isa = PBXFrameworksBuildPhase;
			buildActionMask = 2147483647;
			files = (
			);
			runOnlyForDeploymentPostprocessing = 0;
		};
		E75C5E46295AC32400E5C3CE /* Frameworks */ = {
			isa = PBXFrameworksBuildPhase;
			buildActionMask = 2147483647;
			files = (
			);
			runOnlyForDeploymentPostprocessing = 0;
		};
		E75C5E50295AC32400E5C3CE /* Frameworks */ = {
			isa = PBXFrameworksBuildPhase;
			buildActionMask = 2147483647;
			files = (
			);
			runOnlyForDeploymentPostprocessing = 0;
		};
/* End PBXFrameworksBuildPhase section */

/* Begin PBXGroup section */
		E75C5E2A295AC32300E5C3CE = {
			isa = PBXGroup;
			children = (
				E75C5E35295AC32300E5C3CE /* ColoursRandom */,
				E75C5E4C295AC32400E5C3CE /* ColoursRandomTests */,
				E75C5E56295AC32400E5C3CE /* ColoursRandomUITests */,
				E75C5E34295AC32300E5C3CE /* Products */,
			);
			sourceTree = "<group>";
		};
		E75C5E34295AC32300E5C3CE /* Products */ = {
			isa = PBXGroup;
			children = (
				E75C5E33295AC32300E5C3CE /* ColoursRandom.app */,
				E75C5E49295AC32400E5C3CE /* ColoursRandomTests.xctest */,
				E75C5E53295AC32400E5C3CE /* ColoursRandomUITests.xctest */,
			);
			name = Products;
			sourceTree = "<group>";
		};
		E75C5E35295AC32300E5C3CE /* ColoursRandom */ = {
			isa = PBXGroup;
			children = (
				E75C5E36295AC32300E5C3CE /* AppDelegate.swift */,
				E75C5E38295AC32300E5C3CE /* SceneDelegate.swift */,
				E75C5E66295AC38300E5C3CE /* ColoursTableVC.swift */,
				E7EF696E295AD3C800AA201E /* ColoursDetailVC.swift */,
				E75C5E3C295AC32300E5C3CE /* Main.storyboard */,
				E75C5E3F295AC32400E5C3CE /* Assets.xcassets */,
				E75C5E41295AC32400E5C3CE /* LaunchScreen.storyboard */,
				E75C5E44295AC32400E5C3CE /* Info.plist */,
			);
			path = ColoursRandom;
			sourceTree = "<group>";
		};
		E75C5E4C295AC32400E5C3CE /* ColoursRandomTests */ = {
			isa = PBXGroup;
			children = (
				E75C5E4D295AC32400E5C3CE /* ColoursRandomTests.swift */,
			);
			path = ColoursRandomTests;
			sourceTree = "<group>";
		};
		E75C5E56295AC32400E5C3CE /* ColoursRandomUITests */ = {
			isa = PBXGroup;
			children = (
				E75C5E57295AC32400E5C3CE /* ColoursRandomUITests.swift */,
				E75C5E59295AC32400E5C3CE /* ColoursRandomUITestsLaunchTests.swift */,
			);
			path = ColoursRandomUITests;
			sourceTree = "<group>";
		};
/* End PBXGroup section */

/* Begin PBXNativeTarget section */
		E75C5E32295AC32300E5C3CE /* ColoursRandom */ = {
			isa = PBXNativeTarget;
			buildConfigurationList = E75C5E5D295AC32400E5C3CE /* Build configuration list for PBXNativeTarget "ColoursRandom" */;
			buildPhases = (
				E75C5E2F295AC32300E5C3CE /* Sources */,
				E75C5E30295AC32300E5C3CE /* Frameworks */,
				E75C5E31295AC32300E5C3CE /* Resources */,
			);
			buildRules = (
			);
			dependencies = (
			);
			name = ColoursRandom;
			productName = ColoursRandom;
			productReference = E75C5E33295AC32300E5C3CE /* ColoursRandom.app */;
			productType = "com.apple.product-type.application";
		};
		E75C5E48295AC32400E5C3CE /* ColoursRandomTests */ = {
			isa = PBXNativeTarget;
			buildConfigurationList = E75C5E60295AC32400E5C3CE /* Build configuration list for PBXNativeTarget "ColoursRandomTests" */;
			buildPhases = (
				E75C5E45295AC32400E5C3CE /* Sources */,
				E75C5E46295AC32400E5C3CE /* Frameworks */,
				E75C5E47295AC32400E5C3CE /* Resources */,
			);
			buildRules = (
			);
			dependencies = (
				E75C5E4B295AC32400E5C3CE /* PBXTargetDependency */,
			);
			name = ColoursRandomTests;
			productName = ColoursRandomTests;
			productReference = E75C5E49295AC32400E5C3CE /* ColoursRandomTests.xctest */;
			productType = "com.apple.product-type.bundle.unit-test";
		};
		E75C5E52295AC32400E5C3CE /* ColoursRandomUITests */ = {
			isa = PBXNativeTarget;
			buildConfigurationList = E75C5E63295AC32400E5C3CE /* Build configuration list for PBXNativeTarget "ColoursRandomUITests" */;
			buildPhases = (
				E75C5E4F295AC32400E5C3CE /* Sources */,
				E75C5E50295AC32400E5C3CE /* Frameworks */,
				E75C5E51295AC32400E5C3CE /* Resources */,
			);
			buildRules = (
			);
			dependencies = (
				E75C5E55295AC32400E5C3CE /* PBXTargetDependency */,
			);
			name = ColoursRandomUITests;
			productName = ColoursRandomUITests;
			productReference = E75C5E53295AC32400E5C3CE /* ColoursRandomUITests.xctest */;
			productType = "com.apple.product-type.bundle.ui-testing";
		};
/* End PBXNativeTarget section */

/* Begin PBXProject section */
		E75C5E2B295AC32300E5C3CE /* Project object */ = {
			isa = PBXProject;
			attributes = {
				BuildIndependentTargetsInParallel = 1;
				LastSwiftUpdateCheck = 1420;
				LastUpgradeCheck = 1420;
				TargetAttributes = {
					E75C5E32295AC32300E5C3CE = {
						CreatedOnToolsVersion = 14.2;
					};
					E75C5E48295AC32400E5C3CE = {
						CreatedOnToolsVersion = 14.2;
						TestTargetID = E75C5E32295AC32300E5C3CE;
					};
					E75C5E52295AC32400E5C3CE = {
						CreatedOnToolsVersion = 14.2;
						TestTargetID = E75C5E32295AC32300E5C3CE;
					};
				};
			};
			buildConfigurationList = E75C5E2E295AC32300E5C3CE /* Build configuration list for PBXProject "ColoursRandom" */;
			compatibilityVersion = "Xcode 14.0";
			developmentRegion = en;
			hasScannedForEncodings = 0;
			knownRegions = (
				en,
				Base,
			);
			mainGroup = E75C5E2A295AC32300E5C3CE;
			productRefGroup = E75C5E34295AC32300E5C3CE /* Products */;
			projectDirPath = "";
			projectRoot = "";
			targets = (
				E75C5E32295AC32300E5C3CE /* ColoursRandom */,
				E75C5E48295AC32400E5C3CE /* ColoursRandomTests */,
				E75C5E52295AC32400E5C3CE /* ColoursRandomUITests */,
			);
		};
/* End PBXProject section */

/* Begin PBXResourcesBuildPhase section */
		E75C5E31295AC32300E5C3CE /* Resources */ = {
			isa = PBXResourcesBuildPhase;
			buildActionMask = 2147483647;
			files = (
				E75C5E43295AC32400E5C3CE /* LaunchScreen.storyboard in Resources */,
				E75C5E40295AC32400E5C3CE /* Assets.xcassets in Resources */,
				E75C5E3E295AC32300E5C3CE /* Main.storyboard in Resources */,
			);
			runOnlyForDeploymentPostprocessing = 0;
		};
		E75C5E47295AC32400E5C3CE /* Resources */ = {
			isa = PBXResourcesBuildPhase;
			buildActionMask = 2147483647;
			files = (
			);
			runOnlyForDeploymentPostprocessing = 0;
		};
		E75C5E51295AC32400E5C3CE /* Resources */ = {
			isa = PBXResourcesBuildPhase;
			buildActionMask = 2147483647;
			files = (
			);
			runOnlyForDeploymentPostprocessing = 0;
		};
/* End PBXResourcesBuildPhase section */

/* Begin PBXSourcesBuildPhase section */
		E75C5E2F295AC32300E5C3CE /* Sources */ = {
			isa = PBXSourcesBuildPhase;
			buildActionMask = 2147483647;
			files = (
				E75C5E37295AC32300E5C3CE /* AppDelegate.swift in Sources */,
				E75C5E67295AC38300E5C3CE /* ColoursTableVC.swift in Sources */,
				E75C5E39295AC32300E5C3CE /* SceneDelegate.swift in Sources */,
				E7EF696F295AD3C800AA201E /* ColoursDetailVC.swift in Sources */,
			);
			runOnlyForDeploymentPostprocessing = 0;
		};
		E75C5E45295AC32400E5C3CE /* Sources */ = {
			isa = PBXSourcesBuildPhase;
			buildActionMask = 2147483647;
			files = (
				E75C5E4E295AC32400E5C3CE /* ColoursRandomTests.swift in Sources */,
			);
			runOnlyForDeploymentPostprocessing = 0;
		};
		E75C5E4F295AC32400E5C3CE /* Sources */ = {
			isa = PBXSourcesBuildPhase;
			buildActionMask = 2147483647;
			files = (
				E75C5E58295AC32400E5C3CE /* ColoursRandomUITests.swift in Sources */,
				E75C5E5A295AC32400E5C3CE /* ColoursRandomUITestsLaunchTests.swift in Sources */,
			);
			runOnlyForDeploymentPostprocessing = 0;
		};
/* End PBXSourcesBuildPhase section */

/* Begin PBXTargetDependency section */
		E75C5E4B295AC32400E5C3CE /* PBXTargetDependency */ = {
			isa = PBXTargetDependency;
			target = E75C5E32295AC32300E5C3CE /* ColoursRandom */;
			targetProxy = E75C5E4A295AC32400E5C3CE /* PBXContainerItemProxy */;
		};
		E75C5E55295AC32400E5C3CE /* PBXTargetDependency */ = {
			isa = PBXTargetDependency;
			target = E75C5E32295AC32300E5C3CE /* ColoursRandom */;
			targetProxy = E75C5E54295AC32400E5C3CE /* PBXContainerItemProxy */;
		};
/* End PBXTargetDependency section */

/* Begin PBXVariantGroup section */
		E75C5E3C295AC32300E5C3CE /* Main.storyboard */ = {
			isa = PBXVariantGroup;
			children = (
				E75C5E3D295AC32300E5C3CE /* Base */,
			);
			name = Main.storyboard;
			sourceTree = "<group>";
		};
		E75C5E41295AC32400E5C3CE /* LaunchScreen.storyboard */ = {
			isa = PBXVariantGroup;
			children = (
				E75C5E42295AC32400E5C3CE /* Base */,
			);
			name = LaunchScreen.storyboard;
			sourceTree = "<group>";
		};
/* End PBXVariantGroup section */

/* Begin XCBuildConfiguration section */
		E75C5E5B295AC32400E5C3CE /* Debug */ = {
			isa = XCBuildConfiguration;
			buildSettings = {
				ALWAYS_SEARCH_USER_PATHS = NO;
				CLANG_ANALYZER_NONNULL = YES;
				CLANG_ANALYZER_NUMBER_OBJECT_CONVERSION = YES_AGGRESSIVE;
				CLANG_CXX_LANGUAGE_STANDARD = "gnu++20";
				CLANG_ENABLE_MODULES = YES;
				CLANG_ENABLE_OBJC_ARC = YES;
				CLANG_ENABLE_OBJC_WEAK = YES;
				CLANG_WARN_BLOCK_CAPTURE_AUTORELEASING = YES;
				CLANG_WARN_BOOL_CONVERSION = YES;
				CLANG_WARN_COMMA = YES;
				CLANG_WARN_CONSTANT_CONVERSION = YES;
				CLANG_WARN_DEPRECATED_OBJC_IMPLEMENTATIONS = YES;
				CLANG_WARN_DIRECT_OBJC_ISA_USAGE = YES_ERROR;
				CLANG_WARN_DOCUMENTATION_COMMENTS = YES;
				CLANG_WARN_EMPTY_BODY = YES;
				CLANG_WARN_ENUM_CONVERSION = YES;
				CLANG_WARN_INFINITE_RECURSION = YES;
				CLANG_WARN_INT_CONVERSION = YES;
				CLANG_WARN_NON_LITERAL_NULL_CONVERSION = YES;
				CLANG_WARN_OBJC_IMPLICIT_RETAIN_SELF = YES;
				CLANG_WARN_OBJC_LITERAL_CONVERSION = YES;
				CLANG_WARN_OBJC_ROOT_CLASS = YES_ERROR;
				CLANG_WARN_QUOTED_INCLUDE_IN_FRAMEWORK_HEADER = YES;
				CLANG_WARN_RANGE_LOOP_ANALYSIS = YES;
				CLANG_WARN_STRICT_PROTOTYPES = YES;
				CLANG_WARN_SUSPICIOUS_MOVE = YES;
				CLANG_WARN_UNGUARDED_AVAILABILITY = YES_AGGRESSIVE;
				CLANG_WARN_UNREACHABLE_CODE = YES;
				CLANG_WARN__DUPLICATE_METHOD_MATCH = YES;
				COPY_PHASE_STRIP = NO;
				DEBUG_INFORMATION_FORMAT = dwarf;
				ENABLE_STRICT_OBJC_MSGSEND = YES;
				ENABLE_TESTABILITY = YES;
				GCC_C_LANGUAGE_STANDARD = gnu11;
				GCC_DYNAMIC_NO_PIC = NO;
				GCC_NO_COMMON_BLOCKS = YES;
				GCC_OPTIMIZATION_LEVEL = 0;
				GCC_PREPROCESSOR_DEFINITIONS = (
					"DEBUG=1",
					"$(inherited)",
				);
				GCC_WARN_64_TO_32_BIT_CONVERSION = YES;
				GCC_WARN_ABOUT_RETURN_TYPE = YES_ERROR;
				GCC_WARN_UNDECLARED_SELECTOR = YES;
				GCC_WARN_UNINITIALIZED_AUTOS = YES_AGGRESSIVE;
				GCC_WARN_UNUSED_FUNCTION = YES;
				GCC_WARN_UNUSED_VARIABLE = YES;
				IPHONEOS_DEPLOYMENT_TARGET = 16.2;
				MTL_ENABLE_DEBUG_INFO = INCLUDE_SOURCE;
				MTL_FAST_MATH = YES;
				ONLY_ACTIVE_ARCH = YES;
				SDKROOT = iphoneos;
				SWIFT_ACTIVE_COMPILATION_CONDITIONS = DEBUG;
				SWIFT_OPTIMIZATION_LEVEL = "-Onone";
			};
			name = Debug;
		};
		E75C5E5C295AC32400E5C3CE /* Release */ = {
			isa = XCBuildConfiguration;
			buildSettings = {
				ALWAYS_SEARCH_USER_PATHS = NO;
				CLANG_ANALYZER_NONNULL = YES;
				CLANG_ANALYZER_NUMBER_OBJECT_CONVERSION = YES_AGGRESSIVE;
				CLANG_CXX_LANGUAGE_STANDARD = "gnu++20";
				CLANG_ENABLE_MODULES = YES;
				CLANG_ENABLE_OBJC_ARC = YES;
				CLANG_ENABLE_OBJC_WEAK = YES;
				CLANG_WARN_BLOCK_CAPTURE_AUTORELEASING = YES;
				CLANG_WARN_BOOL_CONVERSION = YES;
				CLANG_WARN_COMMA = YES;
				CLANG_WARN_CONSTANT_CONVERSION = YES;
				CLANG_WARN_DEPRECATED_OBJC_IMPLEMENTATIONS = YES;
				CLANG_WARN_DIRECT_OBJC_ISA_USAGE = YES_ERROR;
				CLANG_WARN_DOCUMENTATION_COMMENTS = YES;
				CLANG_WARN_EMPTY_BODY = YES;
				CLANG_WARN_ENUM_CONVERSION = YES;
				CLANG_WARN_INFINITE_RECURSION = YES;
				CLANG_WARN_INT_CONVERSION = YES;
				CLANG_WARN_NON_LITERAL_NULL_CONVERSION = YES;
				CLANG_WARN_OBJC_IMPLICIT_RETAIN_SELF = YES;
				CLANG_WARN_OBJC_LITERAL_CONVERSION = YES;
				CLANG_WARN_OBJC_ROOT_CLASS = YES_ERROR;
				CLANG_WARN_QUOTED_INCLUDE_IN_FRAMEWORK_HEADER = YES;
				CLANG_WARN_RANGE_LOOP_ANALYSIS = YES;
				CLANG_WARN_STRICT_PROTOTYPES = YES;
				CLANG_WARN_SUSPICIOUS_MOVE = YES;
				CLANG_WARN_UNGUARDED_AVAILABILITY = YES_AGGRESSIVE;
				CLANG_WARN_UNREACHABLE_CODE = YES;
				CLANG_WARN__DUPLICATE_METHOD_MATCH = YES;
				COPY_PHASE_STRIP = NO;
				DEBUG_INFORMATION_FORMAT = "dwarf-with-dsym";
				ENABLE_NS_ASSERTIONS = NO;
				ENABLE_STRICT_OBJC_MSGSEND = YES;
				GCC_C_LANGUAGE_STANDARD = gnu11;
				GCC_NO_COMMON_BLOCKS = YES;
				GCC_WARN_64_TO_32_BIT_CONVERSION = YES;
				GCC_WARN_ABOUT_RETURN_TYPE = YES_ERROR;
				GCC_WARN_UNDECLARED_SELECTOR = YES;
				GCC_WARN_UNINITIALIZED_AUTOS = YES_AGGRESSIVE;
				GCC_WARN_UNUSED_FUNCTION = YES;
				GCC_WARN_UNUSED_VARIABLE = YES;
				IPHONEOS_DEPLOYMENT_TARGET = 16.2;
				MTL_ENABLE_DEBUG_INFO = NO;
				MTL_FAST_MATH = YES;
				SDKROOT = iphoneos;
				SWIFT_COMPILATION_MODE = wholemodule;
				SWIFT_OPTIMIZATION_LEVEL = "-O";
				VALIDATE_PRODUCT = YES;
			};
			name = Release;
		};
		E75C5E5E295AC32400E5C3CE /* Debug */ = {
			isa = XCBuildConfiguration;
			buildSettings = {
				ASSETCATALOG_COMPILER_APPICON_NAME = AppIcon;
				ASSETCATALOG_COMPILER_GLOBAL_ACCENT_COLOR_NAME = AccentColor;
				CODE_SIGN_STYLE = Automatic;
				CURRENT_PROJECT_VERSION = 1;
				GENERATE_INFOPLIST_FILE = YES;
				INFOPLIST_FILE = ColoursRandom/Info.plist;
				INFOPLIST_KEY_UIApplicationSupportsIndirectInputEvents = YES;
				INFOPLIST_KEY_UILaunchStoryboardName = LaunchScreen;
				INFOPLIST_KEY_UIMainStoryboardFile = Main;
				INFOPLIST_KEY_UISupportedInterfaceOrientations_iPad = "UIInterfaceOrientationPortrait UIInterfaceOrientationPortraitUpsideDown UIInterfaceOrientationLandscapeLeft UIInterfaceOrientationLandscapeRight";
				INFOPLIST_KEY_UISupportedInterfaceOrientations_iPhone = "UIInterfaceOrientationPortrait UIInterfaceOrientationLandscapeLeft UIInterfaceOrientationLandscapeRight";
				LD_RUNPATH_SEARCH_PATHS = (
					"$(inherited)",
					"@executable_path/Frameworks",
				);
				MARKETING_VERSION = 1.0;
				PRODUCT_BUNDLE_IDENTIFIER = com.aasavari.ColoursRandom;
				PRODUCT_NAME = "$(TARGET_NAME)";
				SWIFT_EMIT_LOC_STRINGS = YES;
				SWIFT_VERSION = 5.0;
				TARGETED_DEVICE_FAMILY = "1,2";
			};
			name = Debug;
		};
		E75C5E5F295AC32400E5C3CE /* Release */ = {
			isa = XCBuildConfiguration;
			buildSettings = {
				ASSETCATALOG_COMPILER_APPICON_NAME = AppIcon;
				ASSETCATALOG_COMPILER_GLOBAL_ACCENT_COLOR_NAME = AccentColor;
				CODE_SIGN_STYLE = Automatic;
				CURRENT_PROJECT_VERSION = 1;
				GENERATE_INFOPLIST_FILE = YES;
				INFOPLIST_FILE = ColoursRandom/Info.plist;
				INFOPLIST_KEY_UIApplicationSupportsIndirectInputEvents = YES;
				INFOPLIST_KEY_UILaunchStoryboardName = LaunchScreen;
				INFOPLIST_KEY_UIMainStoryboardFile = Main;
				INFOPLIST_KEY_UISupportedInterfaceOrientations_iPad = "UIInterfaceOrientationPortrait UIInterfaceOrientationPortraitUpsideDown UIInterfaceOrientationLandscapeLeft UIInterfaceOrientationLandscapeRight";
				INFOPLIST_KEY_UISupportedInterfaceOrientations_iPhone = "UIInterfaceOrientationPortrait UIInterfaceOrientationLandscapeLeft UIInterfaceOrientationLandscapeRight";
				LD_RUNPATH_SEARCH_PATHS = (
					"$(inherited)",
					"@executable_path/Frameworks",
				);
				MARKETING_VERSION = 1.0;
				PRODUCT_BUNDLE_IDENTIFIER = com.aasavari.ColoursRandom;
				PRODUCT_NAME = "$(TARGET_NAME)";
				SWIFT_EMIT_LOC_STRINGS = YES;
				SWIFT_VERSION = 5.0;
				TARGETED_DEVICE_FAMILY = "1,2";
			};
			name = Release;
		};
		E75C5E61295AC32400E5C3CE /* Debug */ = {
			isa = XCBuildConfiguration;
			buildSettings = {
				ALWAYS_EMBED_SWIFT_STANDARD_LIBRARIES = YES;
				BUNDLE_LOADER = "$(TEST_HOST)";
				CODE_SIGN_STYLE = Automatic;
				CURRENT_PROJECT_VERSION = 1;
				GENERATE_INFOPLIST_FILE = YES;
				IPHONEOS_DEPLOYMENT_TARGET = 16.2;
				MARKETING_VERSION = 1.0;
				PRODUCT_BUNDLE_IDENTIFIER = com.aasavari.ColoursRandomTests;
				PRODUCT_NAME = "$(TARGET_NAME)";
				SWIFT_EMIT_LOC_STRINGS = NO;
				SWIFT_VERSION = 5.0;
				TARGETED_DEVICE_FAMILY = "1,2";
				TEST_HOST = "$(BUILT_PRODUCTS_DIR)/ColoursRandom.app/$(BUNDLE_EXECUTABLE_FOLDER_PATH)/ColoursRandom";
			};
			name = Debug;
		};
		E75C5E62295AC32400E5C3CE /* Release */ = {
			isa = XCBuildConfiguration;
			buildSettings = {
				ALWAYS_EMBED_SWIFT_STANDARD_LIBRARIES = YES;
				BUNDLE_LOADER = "$(TEST_HOST)";
				CODE_SIGN_STYLE = Automatic;
				CURRENT_PROJECT_VERSION = 1;
				GENERATE_INFOPLIST_FILE = YES;
				IPHONEOS_DEPLOYMENT_TARGET = 16.2;
				MARKETING_VERSION = 1.0;
				PRODUCT_BUNDLE_IDENTIFIER = com.aasavari.ColoursRandomTests;
				PRODUCT_NAME = "$(TARGET_NAME)";
				SWIFT_EMIT_LOC_STRINGS = NO;
				SWIFT_VERSION = 5.0;
				TARGETED_DEVICE_FAMILY = "1,2";
				TEST_HOST = "$(BUILT_PRODUCTS_DIR)/ColoursRandom.app/$(BUNDLE_EXECUTABLE_FOLDER_PATH)/ColoursRandom";
			};
			name = Release;
		};
		E75C5E64295AC32400E5C3CE /* Debug */ = {
			isa = XCBuildConfiguration;
			buildSettings = {
				ALWAYS_EMBED_SWIFT_STANDARD_LIBRARIES = YES;
				CODE_SIGN_STYLE = Automatic;
				CURRENT_PROJECT_VERSION = 1;
				GENERATE_INFOPLIST_FILE = YES;
				MARKETING_VERSION = 1.0;
				PRODUCT_BUNDLE_IDENTIFIER = com.aasavari.ColoursRandomUITests;
				PRODUCT_NAME = "$(TARGET_NAME)";
				SWIFT_EMIT_LOC_STRINGS = NO;
				SWIFT_VERSION = 5.0;
				TARGETED_DEVICE_FAMILY = "1,2";
				TEST_TARGET_NAME = ColoursRandom;
			};
			name = Debug;
		};
		E75C5E65295AC32400E5C3CE /* Release */ = {
			isa = XCBuildConfiguration;
			buildSettings = {
				ALWAYS_EMBED_SWIFT_STANDARD_LIBRARIES = YES;
				CODE_SIGN_STYLE = Automatic;
				CURRENT_PROJECT_VERSION = 1;
				GENERATE_INFOPLIST_FILE = YES;
				MARKETING_VERSION = 1.0;
				PRODUCT_BUNDLE_IDENTIFIER = com.aasavari.ColoursRandomUITests;
				PRODUCT_NAME = "$(TARGET_NAME)";
				SWIFT_EMIT_LOC_STRINGS = NO;
				SWIFT_VERSION = 5.0;
				TARGETED_DEVICE_FAMILY = "1,2";
				TEST_TARGET_NAME = ColoursRandom;
			};
			name = Release;
		};
/* End XCBuildConfiguration section */

/* Begin XCConfigurationList section */
		E75C5E2E295AC32300E5C3CE /* Build configuration list for PBXProject "ColoursRandom" */ = {
			isa = XCConfigurationList;
			buildConfigurations = (
				E75C5E5B295AC32400E5C3CE /* Debug */,
				E75C5E5C295AC32400E5C3CE /* Release */,
			);
			defaultConfigurationIsVisible = 0;
			defaultConfigurationName = Release;
		};
		E75C5E5D295AC32400E5C3CE /* Build configuration list for PBXNativeTarget "ColoursRandom" */ = {
			isa = XCConfigurationList;
			buildConfigurations = (
				E75C5E5E295AC32400E5C3CE /* Debug */,
				E75C5E5F295AC32400E5C3CE /* Release */,
			);
			defaultConfigurationIsVisible = 0;
			defaultConfigurationName = Release;
		};
		E75C5E60295AC32400E5C3CE /* Build configuration list for PBXNativeTarget "ColoursRandomTests" */ = {
			isa = XCConfigurationList;
			buildConfigurations = (
				E75C5E61295AC32400E5C3CE /* Debug */,
				E75C5E62295AC32400E5C3CE /* Release */,
			);
			defaultConfigurationIsVisible = 0;
			defaultConfigurationName = Release;
		};
		E75C5E63295AC32400E5C3CE /* Build configuration list for PBXNativeTarget "ColoursRandomUITests" */ = {
			isa = XCConfigurationList;
			buildConfigurations = (
				E75C5E64295AC32400E5C3CE /* Debug */,
				E75C5E65295AC32400E5C3CE /* Release */,
			);
			defaultConfigurationIsVisible = 0;
			defaultConfigurationName = Release;
		};
/* End XCConfigurationList section */
	};
	rootObject = E75C5E2B295AC32300E5C3CE /* Project object */;
}
